
Microsoft Visual Studio Solution File, Format Version 12.00
# Visual Studio Version 17
VisualStudioVersion = 17.9.34723.18
MinimumVisualStudioVersion = 10.0.40219.1
Project("{FAE04EC0-301F-11D3-BF4B-00C04F79EFBC}") = "CboxParser", "src\CboxParser.csproj", "{E9895FEA-273B-4F4A-9BFB-E7CFA9981D93}"
EndProject
Project("{FAE04EC0-301F-11D3-BF4B-00C04F79EFBC}") = "CBoxParser.Test", "test\CBoxParser.Test.csproj", "{1BA23BB4-9692-436C-8A95-C0387556BF3C}"
EndProject
Global
	GlobalSection(SolutionConfigurationPlatforms) = preSolution
		Debug|Any CPU = Debug|Any CPU
		Release|Any CPU = Release|Any CPU
	EndGlobalSection
	GlobalSection(ProjectConfigurationPlatforms) = postSolution
		{E9895FEA-273B-4F4A-9BFB-E7CFA9981D93}.Debug|Any CPU.ActiveCfg = Debug|Any CPU
		{E9895FEA-273B-4F4A-9BFB-E7CFA9981D93}.Debug|Any CPU.Build.0 = Debug|Any CPU
		{E9895FEA-273B-4F4A-9BFB-E7CFA9981D93}.Release|Any CPU.ActiveCfg = Release|Any CPU
		{E9895FEA-273B-4F4A-9BFB-E7CFA9981D93}.Release|Any CPU.Build.0 = Release|Any CPU
		{1BA23BB4-9692-436C-8A95-C0387556BF3C}.Debug|Any CPU.ActiveCfg = Debug|Any CPU
		{1BA23BB4-9692-436C-8A95-C0387556BF3C}.Debug|Any CPU.Build.0 = Debug|Any CPU
		{1BA23BB4-9692-436C-8A95-C0387556BF3C}.Release|Any CPU.ActiveCfg = Release|Any CPU
		{1BA23BB4-9692-436C-8A95-C0387556BF3C}.Release|Any CPU.Build.0 = Release|Any CPU
	EndGlobalSection
	GlobalSection(SolutionProperties) = preSolution
		HideSolutionNode = FALSE
	EndGlobalSection
	GlobalSection(ExtensibilityGlobals) = postSolution
		SolutionGuid = {B0F3D1CA-8757-4DDB-807B-2E4EEFD5575B}
	EndGlobalSection
EndGlobal
